
Microsoft Visual Studio Solution File, Format Version 12.00
# Visual Studio 14
VisualStudioVersion = 14.0.23107.0
MinimumVisualStudioVersion = 10.0.40219.1
Project("{2150E333-8FDC-42A3-9474-1A3956D46DE8}") = "src", "src", "{1294E4FB-A7C5-43C2-9397-0C4D54082EA7}"
EndProject
Project("{2150E333-8FDC-42A3-9474-1A3956D46DE8}") = "Solution Items", "Solution Items", "{9697BCF0-4CB2-47E3-B04E-6A87976682A6}"
	ProjectSection(SolutionItems) = preProject
		global.json = global.json
	EndProjectSection
EndProject
Project("{8BB2217D-0F2D-49D1-97BC-3654ED321F3B}") = "supervision-plan", "src\supervision-plan\supervision-plan.xproj", "{C16B993F-8B8B-403E-B5C6-48E5A6DD54CA}"
EndProject
Global
	GlobalSection(SolutionConfigurationPlatforms) = preSolution
		Debug|Any CPU = Debug|Any CPU
		Release|Any CPU = Release|Any CPU
	EndGlobalSection
	GlobalSection(ProjectConfigurationPlatforms) = postSolution
		{C16B993F-8B8B-403E-B5C6-48E5A6DD54CA}.Debug|Any CPU.ActiveCfg = Debug|Any CPU
		{C16B993F-8B8B-403E-B5C6-48E5A6DD54CA}.Debug|Any CPU.Build.0 = Debug|Any CPU
		{C16B993F-8B8B-403E-B5C6-48E5A6DD54CA}.Release|Any CPU.ActiveCfg = Release|Any CPU
		{C16B993F-8B8B-403E-B5C6-48E5A6DD54CA}.Release|Any CPU.Build.0 = Release|Any CPU
	EndGlobalSection
	GlobalSection(SolutionProperties) = preSolution
		HideSolutionNode = FALSE
	EndGlobalSection
	GlobalSection(NestedProjects) = preSolution
		{C16B993F-8B8B-403E-B5C6-48E5A6DD54CA} = {1294E4FB-A7C5-43C2-9397-0C4D54082EA7}
	EndGlobalSection
EndGlobal
